
Microsoft Visual Studio Solution File, Format Version 12.00
# Visual Studio Version 17
VisualStudioVersion = 17.2.32630.192
MinimumVisualStudioVersion = 10.0.40219.1
Project("{FAE04EC0-301F-11D3-BF4B-00C04F79EFBC}") = "GrayScaling", "GrayScaling\GrayScaling.csproj", "{398D9D2F-3190-48A0-B356-0E12DDDAF517}"
EndProject
Global
	GlobalSection(SolutionConfigurationPlatforms) = preSolution
		Debug|Any CPU = Debug|Any CPU
		Release|Any CPU = Release|Any CPU
	EndGlobalSection
	GlobalSection(ProjectConfigurationPlatforms) = postSolution
		{398D9D2F-3190-48A0-B356-0E12DDDAF517}.Debug|Any CPU.ActiveCfg = Debug|Any CPU
		{398D9D2F-3190-48A0-B356-0E12DDDAF517}.Debug|Any CPU.Build.0 = Debug|Any CPU
		{398D9D2F-3190-48A0-B356-0E12DDDAF517}.Release|Any CPU.ActiveCfg = Release|Any CPU
		{398D9D2F-3190-48A0-B356-0E12DDDAF517}.Release|Any CPU.Build.0 = Release|Any CPU
	EndGlobalSection
	GlobalSection(SolutionProperties) = preSolution
		HideSolutionNode = FALSE
	EndGlobalSection
	GlobalSection(ExtensibilityGlobals) = postSolution
		SolutionGuid = {B35DD011-07F9-423F-8A12-E6614B486A86}
	EndGlobalSection
EndGlobal
